
Microsoft Visual Studio Solution File, Format Version 12.00
# Visual Studio Version 17
VisualStudioVersion = 17.14.36401.2 d17.14
MinimumVisualStudioVersion = 10.0.40219.1
Project("{FAE04EC0-301F-11D3-BF4B-00C04F79EFBC}") = "SueTheChef", "SueTheChef\SueTheChef.csproj", "{5E9E6176-DA8F-4621-B4AE-9230B60516D0}"
EndProject
Global
	GlobalSection(SolutionConfigurationPlatforms) = preSolution
		Debug|Any CPU = Debug|Any CPU
		Release|Any CPU = Release|Any CPU
	EndGlobalSection
	GlobalSection(ProjectConfigurationPlatforms) = postSolution
		{5E9E6176-DA8F-4621-B4AE-9230B60516D0}.Debug|Any CPU.ActiveCfg = Debug|Any CPU
		{5E9E6176-DA8F-4621-B4AE-9230B60516D0}.Debug|Any CPU.Build.0 = Debug|Any CPU
		{5E9E6176-DA8F-4621-B4AE-9230B60516D0}.Release|Any CPU.ActiveCfg = Release|Any CPU
		{5E9E6176-DA8F-4621-B4AE-9230B60516D0}.Release|Any CPU.Build.0 = Release|Any CPU
	EndGlobalSection
	GlobalSection(SolutionProperties) = preSolution
		HideSolutionNode = FALSE
	EndGlobalSection
	GlobalSection(ExtensibilityGlobals) = postSolution
		SolutionGuid = {6725E413-B476-4A15-B2D7-67D99B6F0D4E}
	EndGlobalSection
EndGlobal
